{
  "name": "ol4-project",
  "version": "1.0.0",
  "lockfileVersion": 3,
  "requires": true,
  "packages": {
    "": {
      "name": "ol4-project",
      "version": "1.0.0",
      "license": "ISC",
      "dependencies": {
        "ol": "^4.6.5"
      }
    },
    "node_modules/ieee754": {
      "version": "1.2.1",
      "resolved": "https://registry.npmjs.org/ieee754/-/ieee754-1.2.1.tgz",
      "integrity": "sha512-dcyqhDvX1C46lXZcVqCpK+FtMRQVdIMN6/Df5js2zouUsqG7I6sFxitIC+7KYK29KdXOLHdu9zL4sFnoVQnqaA==",
      "funding": [
        {
          "type": "github",
          "url": "https://github.com/sponsors/feross"
        },
        {
          "type": "patreon",
          "url": "https://www.patreon.com/feross"
        },
        {
          "type": "consulting",
          "url": "https://feross.org/support"
        }
      ],
      "license": "BSD-3-Clause"
    },
    "node_modules/ol": {
      "version": "4.6.5",
      "resolved": "https://registry.npmjs.org/ol/-/ol-4.6.5.tgz",
      "integrity": "sha512-FtXsY3WY07c5vEP53rUkkw3jN7orcmg07lbmTfeS2hGyIZ0Noy1xC5urP+n6XTggnQZv0NlOkAt9lxNEmAQWQw==",
      "license": "BSD-2-Clause",
      "dependencies": {
        "pbf": "3.1.0",
        "pixelworks": "1.1.0",
        "rbush": "2.0.1"
      }
    },
    "node_modules/pbf": {
      "version": "3.1.0",
      "resolved": "https://registry.npmjs.org/pbf/-/pbf-3.1.0.tgz",
      "integrity": "sha512-/hYJmIsTmh7fMkHAWWXJ5b8IKLWdjdlAFb3IHkRBn1XUhIYBChVGfVwmHEAV3UfXTxsP/AKfYTXTS/dCPxJd5w==",
      "license": "BSD-3-Clause",
      "dependencies": {
        "ieee754": "^1.1.6",
        "resolve-protobuf-schema": "^2.0.0"
      },
      "bin": {
        "pbf": "bin/pbf"
      }
    },
    "node_modules/pixelworks": {
      "version": "1.1.0",
      "resolved": "https://registry.npmjs.org/pixelworks/-/pixelworks-1.1.0.tgz",
      "integrity": "sha512-nDqeyp0pvOvCihLsyc9GHWKP4THUtcfQ+qs61uiVaZdlNv0j7y6PWNyPfnTtuxMJ+MTAqff2QbbM/1DyCcRdOQ==",
      "license": "MIT"
    },
    "node_modules/protocol-buffers-schema": {
      "version": "3.6.0",
      "resolved": "https://registry.npmjs.org/protocol-buffers-schema/-/protocol-buffers-schema-3.6.0.tgz",
      "integrity": "sha512-TdDRD+/QNdrCGCE7v8340QyuXd4kIWIgapsE2+n/SaGiSSbomYl4TjHlvIoCWRpE7wFt02EpB35VVA2ImcBVqw==",
      "license": "MIT"
    },
    "node_modules/quickselect": {
      "version": "1.1.1",
      "resolved": "https://registry.npmjs.org/quickselect/-/quickselect-1.1.1.tgz",
      "integrity": "sha512-qN0Gqdw4c4KGPsBOQafj6yj/PA6c/L63f6CaZ/DCF/xF4Esu3jVmKLUDYxghFx8Kb/O7y9tI7x2RjTSXwdK1iQ==",
      "license": "ISC"
    },
    "node_modules/rbush": {
      "version": "2.0.1",
      "resolved": "https://registry.npmjs.org/rbush/-/rbush-2.0.1.tgz",
      "integrity": "sha512-Ofc9SeEwu6dT2JKqiWTktMvy6kU/7f/jN5wYZvCyQjW+PIH/ENpbOE19QsBPho8Sjei1TNGXr9yzNPd1FKpYLg==",
      "license": "MIT",
      "dependencies": {
        "quickselect": "^1.0.0"
      }
    },
    "node_modules/resolve-protobuf-schema": {
      "version": "2.1.0",
      "resolved": "https://registry.npmjs.org/resolve-protobuf-schema/-/resolve-protobuf-schema-2.1.0.tgz",
      "integrity": "sha512-kI5ffTiZWmJaS/huM8wZfEMer1eRd7oJQhDuxeCLe3t7N7mX3z94CN0xPxBQxFYQTSNz9T0i+v6inKqSdK8xrQ==",
      "license": "MIT",
      "dependencies": {
        "protocol-buffers-schema": "^3.3.1"
      }
    }
  }
}
